
Microsoft Visual Studio Solution File, Format Version 12.00
# Visual Studio Version 16
VisualStudioVersion = 16.0.29920.165
MinimumVisualStudioVersion = 10.0.40219.1
Project("{FAE04EC0-301F-11D3-BF4B-00C04F79EFBC}") = "SignalR_ReceiverClient", "SignalR_ReceiverClient\SignalR_ReceiverClient.csproj", "{50AF82AB-6990-4022-AE67-F177D2498ADB}"
EndProject
Global
	GlobalSection(SolutionConfigurationPlatforms) = preSolution
		Debug|Any CPU = Debug|Any CPU
		Release|Any CPU = Release|Any CPU
	EndGlobalSection
	GlobalSection(ProjectConfigurationPlatforms) = postSolution
		{50AF82AB-6990-4022-AE67-F177D2498ADB}.Debug|Any CPU.ActiveCfg = Debug|Any CPU
		{50AF82AB-6990-4022-AE67-F177D2498ADB}.Debug|Any CPU.Build.0 = Debug|Any CPU
		{50AF82AB-6990-4022-AE67-F177D2498ADB}.Release|Any CPU.ActiveCfg = Release|Any CPU
		{50AF82AB-6990-4022-AE67-F177D2498ADB}.Release|Any CPU.Build.0 = Release|Any CPU
	EndGlobalSection
	GlobalSection(SolutionProperties) = preSolution
		HideSolutionNode = FALSE
	EndGlobalSection
	GlobalSection(ExtensibilityGlobals) = postSolution
		SolutionGuid = {1980C5D6-6961-4985-BD94-F07DE28C270B}
	EndGlobalSection
EndGlobal
